
Microsoft Visual Studio Solution File, Format Version 12.00
# Visual Studio Version 17
VisualStudioVersion = 17.0.32014.148
MinimumVisualStudioVersion = 10.0.40219.1
Project("{FAE04EC0-301F-11D3-BF4B-00C04F79EFBC}") = "IndianStatesCensusAnalyser", "IndianStatesCensusAnalyser\IndianStatesCensusAnalyser.csproj", "{BFD54C76-A9FC-4DD0-BB0F-55AE6617B215}"
EndProject
Global
	GlobalSection(SolutionConfigurationPlatforms) = preSolution
		Debug|Any CPU = Debug|Any CPU
		Release|Any CPU = Release|Any CPU
	EndGlobalSection
	GlobalSection(ProjectConfigurationPlatforms) = postSolution
		{BFD54C76-A9FC-4DD0-BB0F-55AE6617B215}.Debug|Any CPU.ActiveCfg = Debug|Any CPU
		{BFD54C76-A9FC-4DD0-BB0F-55AE6617B215}.Debug|Any CPU.Build.0 = Debug|Any CPU
		{BFD54C76-A9FC-4DD0-BB0F-55AE6617B215}.Release|Any CPU.ActiveCfg = Release|Any CPU
		{BFD54C76-A9FC-4DD0-BB0F-55AE6617B215}.Release|Any CPU.Build.0 = Release|Any CPU
	EndGlobalSection
	GlobalSection(SolutionProperties) = preSolution
		HideSolutionNode = FALSE
	EndGlobalSection
	GlobalSection(ExtensibilityGlobals) = postSolution
		SolutionGuid = {BF84D7D1-BBCF-4699-A465-2DEB1CF4F216}
	EndGlobalSection
EndGlobal
